<?xml version="1.0" encoding="utf-8"?>
<Project ToolsVersion="4.0" xmlns="http://schemas.microsoft.com/developer/msbuild/2003">
  <ItemGroup>
    <Filter Include="Source Files">
      <UniqueIdentifier>{4FC737F1-C7A5-4376-A066-2A32D752A2FF}</UniqueIdentifier>
      <Extensions>cpp;c;cc;cxx;c++;cppm;ixx;def;odl;idl;hpj;bat;asm;asmx</Extensions>
    </Filter>
    <Filter Include="Header Files">
      <UniqueIdentifier>{93995380-89BD-4b04-88EB-625FBE52EBFB}</UniqueIdentifier>
      <Extensions>h;hh;hpp;hxx;h++;hm;inl;inc;ipp;xsd</Extensions>
    </Filter>
    <Filter Include="Resource Files">
      <UniqueIdentifier>{67DA6AB6-F800-4c08-8B7A-83BB121AAD01}</UniqueIdentifier>
      <Extensions>rc;ico;cur;bmp;dlg;rc2;rct;bin;rgs;gif;jpg;jpeg;jpe;resx;tiff;tif;png;wav;mfcribbon-ms</Extensions>
    </Filter>
    <Filter Include="Assets">
      <UniqueIdentifier>{75172a10-4ac8-4754-bdf0-ef951cf76e38}</UniqueIdentifier>
    </Filter>
    <Filter Include="Assets\Scenes">
      <UniqueIdentifier>{e943b183-ef3f-41bb-b071-92cbe77c3a31}</UniqueIdentifier>
    </Filter>
    <Filter Include="Assets\Materials">
      <UniqueIdentifier>{0fbd7076-f0b5-4ec5-aa37-f7aa15267d61}</UniqueIdentifier>
    </Filter>
    <Filter Include="Assets\Shaders">
      <UniqueIdentifier>{3f84053c-82bc-4210-95b4-b514951fcd38}</UniqueIdentifier>
    </Filter>
    <Filter Include="Assets\Shaders\FX">
      <UniqueIdentifier>{c78996d5-8d99-4903-89c1-dc98a645b075}</UniqueIdentifier>
    </Filter>
    <Filter Include="Assets\Shaders\Lit">
      <UniqueIdentifier>{3016f5e1-89da-461f-b24c-0df7fa0b1eb6}</UniqueIdentifier>
    </Filter>
    <Filter Include="Assets\Shaders\Unlit">
      <UniqueIdentifier>{ecbc5f27-cf1f-436b-980e-46b8add1a227}</UniqueIdentifier>
    </Filter>
  </ItemGroup>
  <ItemGroup>
    <ClCompile Include="Main.cpp">
      <Filter>Source Files</Filter>
    </ClCompile>
  </ItemGroup>
  <ItemGroup>
    <None Include="..\Build\Assets\Materials\box.mtrl">
      <Filter>Assets\Materials</Filter>
    </None>
    <None Include="..\Build\Assets\Materials\ogre.mtrl">
      <Filter>Assets\Materials</Filter>
    </None>
    <None Include="..\Build\Assets\Shaders\basic.frag">
      <Filter>Assets\Shaders</Filter>
    </None>
    <None Include="..\Build\Assets\Shaders\basic.prog">
      <Filter>Assets\Shaders</Filter>
    </None>
    <None Include="..\Build\Assets\Shaders\basic.vert">
      <Filter>Assets\Shaders</Filter>
    </None>
    <None Include="..\Build\Assets\Shaders\basiclit.prog">
      <Filter>Assets\Shaders</Filter>
    </None>
    <None Include="..\Build\Assets\Shaders\basiclit.vert">
      <Filter>Assets\Shaders</Filter>
    </None>
    <None Include="..\Build\Assets\Shaders\basiclit.frag">
      <Filter>Assets\Shaders</Filter>
    </None>
    <None Include="..\Build\Assets\Shaders\basicphong.prog">
      <Filter>Assets\Shaders</Filter>
    </None>
    <None Include="..\Build\Assets\Shaders\basicphong.vert">
      <Filter>Assets\Shaders</Filter>
    </None>
    <None Include="..\Build\Assets\Shaders\basicphong.frag">
      <Filter>Assets\Shaders</Filter>
    </None>
    <None Include="..\Build\Assets\Materials\lava.mtrl">
      <Filter>Assets\Materials</Filter>
    </None>
    <None Include="..\Build\Assets\Materials\multi.mtrl">
      <Filter>Assets\Materials</Filter>
    </None>
    <None Include="..\Build\Assets\Materials\squirrel.mtrl">
      <Filter>Assets\Materials</Filter>
    </None>
    <None Include="..\Build\Assets\Shaders\Lit\texture.vert">
      <Filter>Assets\Shaders\Lit</Filter>
    </None>
    <None Include="..\Build\Assets\Shaders\Lit\texturenormal.frag">
      <Filter>Assets\Shaders\Lit</Filter>
    </None>
    <None Include="..\Build\Assets\Shaders\Lit\texturenormal.prog">
      <Filter>Assets\Shaders\Lit</Filter>
    </None>
    <None Include="..\Build\Assets\Shaders\Lit\texturenormal.vert">
      <Filter>Assets\Shaders\Lit</Filter>
    </None>
    <None Include="..\Build\Assets\Shaders\Lit\texture.frag">
      <Filter>Assets\Shaders\Lit</Filter>
    </None>
    <None Include="..\Build\Assets\Shaders\Lit\texture.prog">
      <Filter>Assets\Shaders\Lit</Filter>
    </None>
    <None Include="..\Build\Assets\Shaders\Unlit\color.vert">
      <Filter>Assets\Shaders\Unlit</Filter>
    </None>
    <None Include="..\Build\Assets\Shaders\Unlit\texture.frag">
      <Filter>Assets\Shaders\Unlit</Filter>
    </None>
    <None Include="..\Build\Assets\Shaders\Unlit\texture.prog">
      <Filter>Assets\Shaders\Unlit</Filter>
    </None>
    <None Include="..\Build\Assets\Shaders\Unlit\texture.vert">
      <Filter>Assets\Shaders\Unlit</Filter>
    </None>
    <None Include="..\Build\Assets\Shaders\Unlit\color.frag">
      <Filter>Assets\Shaders\Unlit</Filter>
    </None>
    <None Include="..\Build\Assets\Shaders\Unlit\color.prog">
      <Filter>Assets\Shaders\Unlit</Filter>
    </None>
    <None Include="..\Build\Assets\Materials\skybox.mtrl">
      <Filter>Assets\Materials</Filter>
    </None>
    <None Include="..\Build\Assets\Shaders\Fx\refrac.vert">
      <Filter>Assets\Shaders\FX</Filter>
    </None>
    <None Include="..\Build\Assets\Shaders\Fx\refraf.frag">
      <Filter>Assets\Shaders\FX</Filter>
    </None>
    <None Include="..\Build\Assets\Shaders\Fx\refraf.prog">
      <Filter>Assets\Shaders\FX</Filter>
    </None>
    <None Include="..\Build\Assets\Shaders\Fx\refraf.vert">
      <Filter>Assets\Shaders\FX</Filter>
    </None>
    <None Include="..\Build\Assets\Shaders\Fx\skybox.frag">
      <Filter>Assets\Shaders\FX</Filter>
    </None>
    <None Include="..\Build\Assets\Shaders\Fx\skybox.prog">
      <Filter>Assets\Shaders\FX</Filter>
    </None>
    <None Include="..\Build\Assets\Shaders\Fx\skybox.vert">
      <Filter>Assets\Shaders\FX</Filter>
    </None>
    <None Include="..\Build\Assets\Shaders\Fx\toon.frag">
      <Filter>Assets\Shaders\FX</Filter>
    </None>
    <None Include="..\Build\Assets\Shaders\Fx\toon.prog">
      <Filter>Assets\Shaders\FX</Filter>
    </None>
    <None Include="..\Build\Assets\Shaders\Fx\toon.vert">
      <Filter>Assets\Shaders\FX</Filter>
    </None>
    <None Include="..\Build\Assets\Shaders\Fx\reflection.frag">
      <Filter>Assets\Shaders\FX</Filter>
    </None>
    <None Include="..\Build\Assets\Shaders\Fx\reflection.prog">
      <Filter>Assets\Shaders\FX</Filter>
    </None>
    <None Include="..\Build\Assets\Shaders\Fx\reflection.vert">
      <Filter>Assets\Shaders\FX</Filter>
    </None>
    <None Include="..\Build\Assets\Shaders\Fx\refrac.frag">
      <Filter>Assets\Shaders\FX</Filter>
    </None>
    <None Include="..\Build\Assets\Shaders\Fx\refrac.prog">
      <Filter>Assets\Shaders\FX</Filter>
    </None>
    <None Include="..\Build\Assets\Scenes\basicLit.scn">
      <Filter>Assets\Scenes</Filter>
    </None>
    <None Include="..\Build\Assets\Scenes\cubemap.scn">
      <Filter>Assets\Scenes</Filter>
    </None>
    <None Include="..\Build\Assets\Scenes\rtt.scn">
      <Filter>Assets\Scenes</Filter>
    </None>
    <None Include="..\Build\Assets\Scenes\texture.scn">
      <Filter>Assets\Scenes</Filter>
    </None>
    <None Include="..\Build\Assets\Scenes\basic.scn">
      <Filter>Assets\Scenes</Filter>
    </None>
  </ItemGroup>
</Project>